
Microsoft Visual Studio Solution File, Format Version 12.00
Project("{FAE04EC0-301F-11D3-BF4B-00C04F79EFBC}") = "songwhip_bot", "songwhip_bot\songwhip_bot.csproj", "{92F7A3BF-F734-4216-A540-1D679D589492}"
EndProject
Global
	GlobalSection(SolutionConfigurationPlatforms) = preSolution
		Debug|Any CPU = Debug|Any CPU
		Release|Any CPU = Release|Any CPU
	EndGlobalSection
	GlobalSection(ProjectConfigurationPlatforms) = postSolution
		{92F7A3BF-F734-4216-A540-1D679D589492}.Debug|Any CPU.ActiveCfg = Debug|Any CPU
		{92F7A3BF-F734-4216-A540-1D679D589492}.Debug|Any CPU.Build.0 = Debug|Any CPU
		{92F7A3BF-F734-4216-A540-1D679D589492}.Release|Any CPU.ActiveCfg = Release|Any CPU
		{92F7A3BF-F734-4216-A540-1D679D589492}.Release|Any CPU.Build.0 = Release|Any CPU
	EndGlobalSection
EndGlobal
